
Microsoft Visual Studio Solution File, Format Version 12.00
# Visual Studio 15
VisualStudioVersion = 15.0.27703.2042
MinimumVisualStudioVersion = 10.0.40219.1
Project("{FAE04EC0-301F-11D3-BF4B-00C04F79EFBC}") = "App1", "App1\App1.csproj", "{DC578AD8-82DA-4537-AA4C-682B76955201}"
EndProject
Global
	GlobalSection(SolutionConfigurationPlatforms) = preSolution
		Debug|Any CPU = Debug|Any CPU
		Release|Any CPU = Release|Any CPU
	EndGlobalSection
	GlobalSection(ProjectConfigurationPlatforms) = postSolution
		{DC578AD8-82DA-4537-AA4C-682B76955201}.Debug|Any CPU.ActiveCfg = Debug|Any CPU
		{DC578AD8-82DA-4537-AA4C-682B76955201}.Debug|Any CPU.Build.0 = Debug|Any CPU
		{DC578AD8-82DA-4537-AA4C-682B76955201}.Debug|Any CPU.Deploy.0 = Debug|Any CPU
		{DC578AD8-82DA-4537-AA4C-682B76955201}.Release|Any CPU.ActiveCfg = Release|Any CPU
		{DC578AD8-82DA-4537-AA4C-682B76955201}.Release|Any CPU.Build.0 = Release|Any CPU
		{DC578AD8-82DA-4537-AA4C-682B76955201}.Release|Any CPU.Deploy.0 = Release|Any CPU
	EndGlobalSection
	GlobalSection(SolutionProperties) = preSolution
		HideSolutionNode = FALSE
	EndGlobalSection
	GlobalSection(ExtensibilityGlobals) = postSolution
		SolutionGuid = {AB904FD0-F7DB-4F03-93F0-F9D10D95B815}
	EndGlobalSection
EndGlobal
